
Microsoft Visual Studio Solution File, Format Version 12.00
# Visual Studio Version 17
VisualStudioVersion = 17.9.34723.18
MinimumVisualStudioVersion = 10.0.40219.1
Project("{2150E333-8FDC-42A3-9474-1A3956D46DE8}") = "Source", "Source", "{1EE8FAA2-3280-4E42-A495-BC1D2B4B9FD7}"
EndProject
Project("{2150E333-8FDC-42A3-9474-1A3956D46DE8}") = "WebApi", "WebApi", "{EE10D21E-5FA1-496D-8F3A-57CA549DE80B}"
EndProject
Project("{2150E333-8FDC-42A3-9474-1A3956D46DE8}") = "Core", "Core", "{442DBBCD-FEA1-4322-A766-D2E8DAE43860}"
EndProject
Project("{9A19103F-16F7-4668-BE54-9A1E7A4F7556}") = "Microservices.Ecommerce.Application", "Microservices.Ecommerce\Microservices.Ecommerce.Application\Microservices.Ecommerce.Application.csproj", "{27D62532-475F-4D2E-8F37-5CF82EC72194}"
EndProject
Project("{9A19103F-16F7-4668-BE54-9A1E7A4F7556}") = "Microservices.Ecommerce.Domain", "Microservices.Ecommerce\Microservices.Ecommerce.Domain\Microservices.Ecommerce.Domain.csproj", "{D5755A43-F965-41A1-A6E9-0D1F4C3F5E40}"
EndProject
Project("{2150E333-8FDC-42A3-9474-1A3956D46DE8}") = "Infrastructure", "Infrastructure", "{6F6A7F49-876E-4393-ABE7-C35216EB1141}"
EndProject
Project("{9A19103F-16F7-4668-BE54-9A1E7A4F7556}") = "Microservices.Ecommerce.Infrastructure.Identity", "Microservices.Ecommerce\Microservices.Ecommerce.Infrastructure.Identity\Microservices.Ecommerce.Infrastructure.Identity.csproj", "{AD4DA6EA-FB40-410C-B29F-4DCE5B8ED14F}"
EndProject
Project("{9A19103F-16F7-4668-BE54-9A1E7A4F7556}") = "Microservices.Ecommerce.Infrastructure.Persistence", "Microservices.Ecommerce\Microservices.Ecommerce.Infrastructure.Persistence\Microservices.Ecommerce.Infrastructure.Persistence.csproj", "{CE8DD6B8-FE28-4CCE-9F5E-195F5AA0E606}"
EndProject
Project("{9A19103F-16F7-4668-BE54-9A1E7A4F7556}") = "Microservices.Ecommerce.Infrastructure.Shared", "Microservices.Ecommerce\Microservices.Ecommerce.Infrastructure.Shared\Microservices.Ecommerce.Infrastructure.Shared.csproj", "{B5FE1080-1A66-4E02-9B04-85ED30BAC887}"
EndProject
Project("{2150E333-8FDC-42A3-9474-1A3956D46DE8}") = "WebApp", "WebApp", "{A81983F9-EB63-463F-BECF-EDF38C591DB6}"
EndProject
Project("{2150E333-8FDC-42A3-9474-1A3956D46DE8}") = "Console", "Console", "{20997C1E-E314-4F53-B51C-253DD3D847F7}"
EndProject
Project("{9A19103F-16F7-4668-BE54-9A1E7A4F7556}") = "Microservices.Ecommerce.WebViteApp.Server", "Microservices.Ecommerce\Microservices.Ecommerce.WebViteApp.Server\Microservices.Ecommerce.WebViteApp.Server.csproj", "{3B669DDF-A114-4089-815A-46FAAFE23D98}"
EndProject
Project("{54A90642-561A-4BB1-A94E-469ADEE60C69}") = "microservices.ecommerce.webviteapp.client", "Microservices.Ecommerce\microservices.ecommerce.webviteapp.client\microservices.ecommerce.webviteapp.client.esproj", "{9D649B23-2418-4656-B35E-8FDB6F61D51E}"
EndProject
Global
	GlobalSection(SolutionConfigurationPlatforms) = preSolution
		Debug|Any CPU = Debug|Any CPU
		Release|Any CPU = Release|Any CPU
	EndGlobalSection
	GlobalSection(ProjectConfigurationPlatforms) = postSolution
		{27D62532-475F-4D2E-8F37-5CF82EC72194}.Debug|Any CPU.ActiveCfg = Debug|Any CPU
		{27D62532-475F-4D2E-8F37-5CF82EC72194}.Debug|Any CPU.Build.0 = Debug|Any CPU
		{27D62532-475F-4D2E-8F37-5CF82EC72194}.Release|Any CPU.ActiveCfg = Release|Any CPU
		{27D62532-475F-4D2E-8F37-5CF82EC72194}.Release|Any CPU.Build.0 = Release|Any CPU
		{D5755A43-F965-41A1-A6E9-0D1F4C3F5E40}.Debug|Any CPU.ActiveCfg = Debug|Any CPU
		{D5755A43-F965-41A1-A6E9-0D1F4C3F5E40}.Debug|Any CPU.Build.0 = Debug|Any CPU
		{D5755A43-F965-41A1-A6E9-0D1F4C3F5E40}.Release|Any CPU.ActiveCfg = Release|Any CPU
		{D5755A43-F965-41A1-A6E9-0D1F4C3F5E40}.Release|Any CPU.Build.0 = Release|Any CPU
		{AD4DA6EA-FB40-410C-B29F-4DCE5B8ED14F}.Debug|Any CPU.ActiveCfg = Debug|Any CPU
		{AD4DA6EA-FB40-410C-B29F-4DCE5B8ED14F}.Debug|Any CPU.Build.0 = Debug|Any CPU
		{AD4DA6EA-FB40-410C-B29F-4DCE5B8ED14F}.Release|Any CPU.ActiveCfg = Release|Any CPU
		{AD4DA6EA-FB40-410C-B29F-4DCE5B8ED14F}.Release|Any CPU.Build.0 = Release|Any CPU
		{CE8DD6B8-FE28-4CCE-9F5E-195F5AA0E606}.Debug|Any CPU.ActiveCfg = Debug|Any CPU
		{CE8DD6B8-FE28-4CCE-9F5E-195F5AA0E606}.Debug|Any CPU.Build.0 = Debug|Any CPU
		{CE8DD6B8-FE28-4CCE-9F5E-195F5AA0E606}.Release|Any CPU.ActiveCfg = Release|Any CPU
		{CE8DD6B8-FE28-4CCE-9F5E-195F5AA0E606}.Release|Any CPU.Build.0 = Release|Any CPU
		{B5FE1080-1A66-4E02-9B04-85ED30BAC887}.Debug|Any CPU.ActiveCfg = Debug|Any CPU
		{B5FE1080-1A66-4E02-9B04-85ED30BAC887}.Debug|Any CPU.Build.0 = Debug|Any CPU
		{B5FE1080-1A66-4E02-9B04-85ED30BAC887}.Release|Any CPU.ActiveCfg = Release|Any CPU
		{B5FE1080-1A66-4E02-9B04-85ED30BAC887}.Release|Any CPU.Build.0 = Release|Any CPU
		{3B669DDF-A114-4089-815A-46FAAFE23D98}.Debug|Any CPU.ActiveCfg = Debug|Any CPU
		{3B669DDF-A114-4089-815A-46FAAFE23D98}.Debug|Any CPU.Build.0 = Debug|Any CPU
		{3B669DDF-A114-4089-815A-46FAAFE23D98}.Release|Any CPU.ActiveCfg = Release|Any CPU
		{3B669DDF-A114-4089-815A-46FAAFE23D98}.Release|Any CPU.Build.0 = Release|Any CPU
		{9D649B23-2418-4656-B35E-8FDB6F61D51E}.Debug|Any CPU.ActiveCfg = Debug|Any CPU
		{9D649B23-2418-4656-B35E-8FDB6F61D51E}.Debug|Any CPU.Build.0 = Debug|Any CPU
		{9D649B23-2418-4656-B35E-8FDB6F61D51E}.Debug|Any CPU.Deploy.0 = Debug|Any CPU
		{9D649B23-2418-4656-B35E-8FDB6F61D51E}.Release|Any CPU.ActiveCfg = Release|Any CPU
		{9D649B23-2418-4656-B35E-8FDB6F61D51E}.Release|Any CPU.Build.0 = Release|Any CPU
		{9D649B23-2418-4656-B35E-8FDB6F61D51E}.Release|Any CPU.Deploy.0 = Release|Any CPU
	EndGlobalSection
	GlobalSection(SolutionProperties) = preSolution
		HideSolutionNode = FALSE
	EndGlobalSection
	GlobalSection(NestedProjects) = preSolution
		{EE10D21E-5FA1-496D-8F3A-57CA549DE80B} = {1EE8FAA2-3280-4E42-A495-BC1D2B4B9FD7}
		{442DBBCD-FEA1-4322-A766-D2E8DAE43860} = {1EE8FAA2-3280-4E42-A495-BC1D2B4B9FD7}
		{27D62532-475F-4D2E-8F37-5CF82EC72194} = {442DBBCD-FEA1-4322-A766-D2E8DAE43860}
		{D5755A43-F965-41A1-A6E9-0D1F4C3F5E40} = {442DBBCD-FEA1-4322-A766-D2E8DAE43860}
		{6F6A7F49-876E-4393-ABE7-C35216EB1141} = {1EE8FAA2-3280-4E42-A495-BC1D2B4B9FD7}
		{AD4DA6EA-FB40-410C-B29F-4DCE5B8ED14F} = {6F6A7F49-876E-4393-ABE7-C35216EB1141}
		{CE8DD6B8-FE28-4CCE-9F5E-195F5AA0E606} = {6F6A7F49-876E-4393-ABE7-C35216EB1141}
		{B5FE1080-1A66-4E02-9B04-85ED30BAC887} = {6F6A7F49-876E-4393-ABE7-C35216EB1141}
		{A81983F9-EB63-463F-BECF-EDF38C591DB6} = {1EE8FAA2-3280-4E42-A495-BC1D2B4B9FD7}
		{20997C1E-E314-4F53-B51C-253DD3D847F7} = {1EE8FAA2-3280-4E42-A495-BC1D2B4B9FD7}
		{3B669DDF-A114-4089-815A-46FAAFE23D98} = {A81983F9-EB63-463F-BECF-EDF38C591DB6}
		{9D649B23-2418-4656-B35E-8FDB6F61D51E} = {A81983F9-EB63-463F-BECF-EDF38C591DB6}
	EndGlobalSection
	GlobalSection(ExtensibilityGlobals) = postSolution
		SolutionGuid = {A2220EBF-09CA-4C51-88CF-576208450A0E}
	EndGlobalSection
EndGlobal
